
Microsoft Visual Studio Solution File, Format Version 12.00
# Visual Studio Version 17
VisualStudioVersion = 17.14.37216.2 d17.14
MinimumVisualStudioVersion = 10.0.40219.1
Project("{FAE04EC0-301F-11D3-BF4B-00C04F79EFBC}") = "ParkingManager", "ParkingManager\ParkingManager.csproj", "{641A4385-6CB1-42A0-BEB1-7CA3FD6EF942}"
EndProject
Global
	GlobalSection(SolutionConfigurationPlatforms) = preSolution
		Debug|Any CPU = Debug|Any CPU
		Release|Any CPU = Release|Any CPU
	EndGlobalSection
	GlobalSection(ProjectConfigurationPlatforms) = postSolution
		{641A4385-6CB1-42A0-BEB1-7CA3FD6EF942}.Debug|Any CPU.ActiveCfg = Debug|Any CPU
		{641A4385-6CB1-42A0-BEB1-7CA3FD6EF942}.Debug|Any CPU.Build.0 = Debug|Any CPU
		{641A4385-6CB1-42A0-BEB1-7CA3FD6EF942}.Release|Any CPU.ActiveCfg = Release|Any CPU
		{641A4385-6CB1-42A0-BEB1-7CA3FD6EF942}.Release|Any CPU.Build.0 = Release|Any CPU
	EndGlobalSection
	GlobalSection(SolutionProperties) = preSolution
		HideSolutionNode = FALSE
	EndGlobalSection
	GlobalSection(ExtensibilityGlobals) = postSolution
		SolutionGuid = {E8177FCB-21C4-447C-91E7-001D8581C2FE}
	EndGlobalSection
EndGlobal
